// !$*UTF8*$!
{
	archiveVersion = 1;
	classes = {
	};
	objectVersion = 46;
	objects = {

/* Begin PBXBuildFile section */
		58035742192DF67400FA61A0 /* Foundation.framework in Frameworks */ = {isa = PBXBuildFile; fileRef = 58035741192DF67400FA61A0 /* Foundation.framework */; };
		58035744192DF67400FA61A0 /* CoreGraphics.framework in Frameworks */ = {isa = PBXBuildFile; fileRef = 58035743192DF67400FA61A0 /* CoreGraphics.framework */; };
		58035746192DF67400FA61A0 /* UIKit.framework in Frameworks */ = {isa = PBXBuildFile; fileRef = 58035745192DF67400FA61A0 /* UIKit.framework */; };
		5803574C192DF67400FA61A0 /* InfoPlist.strings in Resources */ = {isa = PBXBuildFile; fileRef = 5803574A192DF67400FA61A0 /* InfoPlist.strings */; };
		5803574E192DF67400FA61A0 /* main.m in Sources */ = {isa = PBXBuildFile; fileRef = 5803574D192DF67400FA61A0 /* main.m */; };
		58035752192DF67400FA61A0 /* DMLAppDelegate.m in Sources */ = {isa = PBXBuildFile; fileRef = 58035751192DF67400FA61A0 /* DMLAppDelegate.m */; };
		58035755192DF67400FA61A0 /* Main.storyboard in Resources */ = {isa = PBXBuildFile; fileRef = 58035753192DF67400FA61A0 /* Main.storyboard */; };
		5803575A192DF67400FA61A0 /* Images.xcassets in Resources */ = {isa = PBXBuildFile; fileRef = 58035759192DF67400FA61A0 /* Images.xcassets */; };
		58035761192DF67400FA61A0 /* XCTest.framework in Frameworks */ = {isa = PBXBuildFile; fileRef = 58035760192DF67400FA61A0 /* XCTest.framework */; };
		58035762192DF67400FA61A0 /* Foundation.framework in Frameworks */ = {isa = PBXBuildFile; fileRef = 58035741192DF67400FA61A0 /* Foundation.framework */; };
		58035763192DF67400FA61A0 /* UIKit.framework in Frameworks */ = {isa = PBXBuildFile; fileRef = 58035745192DF67400FA61A0 /* UIKit.framework */; };
		5803576B192DF67400FA61A0 /* InfoPlist.strings in Resources */ = {isa = PBXBuildFile; fileRef = 58035769192DF67400FA61A0 /* InfoPlist.strings */; };
		5803576D192DF67400FA61A0 /* LocationsTests.m in Sources */ = {isa = PBXBuildFile; fileRef = 5803576C192DF67400FA61A0 /* LocationsTests.m */; };
		5803577B192DFB4300FA61A0 /* Locations.xcdatamodeld in Sources */ = {isa = PBXBuildFile; fileRef = 58035779192DFB4300FA61A0 /* Locations.xcdatamodeld */; };
		5803577E192E1A4500FA61A0 /* DMLLocationsStack.m in Sources */ = {isa = PBXBuildFile; fileRef = 5803577D192E1A4500FA61A0 /* DMLLocationsStack.m */; };
		58035781192E1A8900FA61A0 /* DMLRootViewController.m in Sources */ = {isa = PBXBuildFile; fileRef = 58035780192E1A8900FA61A0 /* DMLRootViewController.m */; };
		58035785192E233A00FA61A0 /* DMLArrayDataSource.m in Sources */ = {isa = PBXBuildFile; fileRef = 58035784192E233A00FA61A0 /* DMLArrayDataSource.m */; };
		58035788192E29CC00FA61A0 /* Event.m in Sources */ = {isa = PBXBuildFile; fileRef = 58035787192E29CC00FA61A0 /* Event.m */; };
		5803578A192E2E1400FA61A0 /* CoreData.framework in Frameworks */ = {isa = PBXBuildFile; fileRef = 58035789192E2E1400FA61A0 /* CoreData.framework */; };
		5803578C192E350B00FA61A0 /* CoreLocation.framework in Frameworks */ = {isa = PBXBuildFile; fileRef = 5803578B192E350B00FA61A0 /* CoreLocation.framework */; };
		58035790192EC94600FA61A0 /* DMLDataManager.m in Sources */ = {isa = PBXBuildFile; fileRef = 5803578F192EC94600FA61A0 /* DMLDataManager.m */; };
/* End PBXBuildFile section */

/* Begin PBXContainerItemProxy section */
		58035764192DF67400FA61A0 /* PBXContainerItemProxy */ = {
			isa = PBXContainerItemProxy;
			containerPortal = 58035736192DF67400FA61A0 /* Project object */;
			proxyType = 1;
			remoteGlobalIDString = 5803573D192DF67400FA61A0;
			remoteInfo = Locations;
		};
/* End PBXContainerItemProxy section */

/* Begin PBXFileReference section */
		5803573E192DF67400FA61A0 /* Locations.app */ = {isa = PBXFileReference; explicitFileType = wrapper.application; includeInIndex = 0; path = Locations.app; sourceTree = BUILT_PRODUCTS_DIR; };
		58035741192DF67400FA61A0 /* Foundation.framework */ = {isa = PBXFileReference; lastKnownFileType = wrapper.framework; name = Foundation.framework; path = System/Library/Frameworks/Foundation.framework; sourceTree = SDKROOT; };
		58035743192DF67400FA61A0 /* CoreGraphics.framework */ = {isa = PBXFileReference; lastKnownFileType = wrapper.framework; name = CoreGraphics.framework; path = System/Library/Frameworks/CoreGraphics.framework; sourceTree = SDKROOT; };
		58035745192DF67400FA61A0 /* UIKit.framework */ = {isa = PBXFileReference; lastKnownFileType = wrapper.framework; name = UIKit.framework; path = System/Library/Frameworks/UIKit.framework; sourceTree = SDKROOT; };
		58035749192DF67400FA61A0 /* Locations-Info.plist */ = {isa = PBXFileReference; lastKnownFileType = text.plist.xml; path = "Locations-Info.plist"; sourceTree = "<group>"; };
		5803574B192DF67400FA61A0 /* en */ = {isa = PBXFileReference; lastKnownFileType = text.plist.strings; name = en; path = en.lproj/InfoPlist.strings; sourceTree = "<group>"; };
		5803574D192DF67400FA61A0 /* main.m */ = {isa = PBXFileReference; lastKnownFileType = sourcecode.c.objc; path = main.m; sourceTree = "<group>"; };
		5803574F192DF67400FA61A0 /* Locations-Prefix.pch */ = {isa = PBXFileReference; lastKnownFileType = sourcecode.c.h; path = "Locations-Prefix.pch"; sourceTree = "<group>"; };
		58035750192DF67400FA61A0 /* DMLAppDelegate.h */ = {isa = PBXFileReference; lastKnownFileType = sourcecode.c.h; path = DMLAppDelegate.h; sourceTree = "<group>"; };
		58035751192DF67400FA61A0 /* DMLAppDelegate.m */ = {isa = PBXFileReference; lastKnownFileType = sourcecode.c.objc; path = DMLAppDelegate.m; sourceTree = "<group>"; };
		58035754192DF67400FA61A0 /* Base */ = {isa = PBXFileReference; lastKnownFileType = file.storyboard; name = Base; path = Base.lproj/Main.storyboard; sourceTree = "<group>"; };
		58035759192DF67400FA61A0 /* Images.xcassets */ = {isa = PBXFileReference; lastKnownFileType = folder.assetcatalog; path = Images.xcassets; sourceTree = "<group>"; };
		5803575F192DF67400FA61A0 /* LocationsTests.xctest */ = {isa = PBXFileReference; explicitFileType = wrapper.cfbundle; includeInIndex = 0; path = LocationsTests.xctest; sourceTree = BUILT_PRODUCTS_DIR; };
		58035760192DF67400FA61A0 /* XCTest.framework */ = {isa = PBXFileReference; lastKnownFileType = wrapper.framework; name = XCTest.framework; path = Library/Frameworks/XCTest.framework; sourceTree = DEVELOPER_DIR; };
		58035768192DF67400FA61A0 /* LocationsTests-Info.plist */ = {isa = PBXFileReference; lastKnownFileType = text.plist.xml; path = "LocationsTests-Info.plist"; sourceTree = "<group>"; };
		5803576A192DF67400FA61A0 /* en */ = {isa = PBXFileReference; lastKnownFileType = text.plist.strings; name = en; path = en.lproj/InfoPlist.strings; sourceTree = "<group>"; };
		5803576C192DF67400FA61A0 /* LocationsTests.m */ = {isa = PBXFileReference; lastKnownFileType = sourcecode.c.objc; path = LocationsTests.m; sourceTree = "<group>"; };
		5803577A192DFB4300FA61A0 /* Locations.xcdatamodel */ = {isa = PBXFileReference; lastKnownFileType = wrapper.xcdatamodel; path = Locations.xcdatamodel; sourceTree = "<group>"; };
		5803577C192E1A4500FA61A0 /* DMLLocationsStack.h */ = {isa = PBXFileReference; fileEncoding = 4; lastKnownFileType = sourcecode.c.h; path = DMLLocationsStack.h; sourceTree = "<group>"; };
		5803577D192E1A4500FA61A0 /* DMLLocationsStack.m */ = {isa = PBXFileReference; fileEncoding = 4; lastKnownFileType = sourcecode.c.objc; path = DMLLocationsStack.m; sourceTree = "<group>"; };
		5803577F192E1A8900FA61A0 /* DMLRootViewController.h */ = {isa = PBXFileReference; fileEncoding = 4; lastKnownFileType = sourcecode.c.h; path = DMLRootViewController.h; sourceTree = "<group>"; };
		58035780192E1A8900FA61A0 /* DMLRootViewController.m */ = {isa = PBXFileReference; fileEncoding = 4; lastKnownFileType = sourcecode.c.objc; path = DMLRootViewController.m; sourceTree = "<group>"; };
		58035783192E233A00FA61A0 /* DMLArrayDataSource.h */ = {isa = PBXFileReference; fileEncoding = 4; lastKnownFileType = sourcecode.c.h; path = DMLArrayDataSource.h; sourceTree = "<group>"; };
		58035784192E233A00FA61A0 /* DMLArrayDataSource.m */ = {isa = PBXFileReference; fileEncoding = 4; lastKnownFileType = sourcecode.c.objc; path = DMLArrayDataSource.m; sourceTree = "<group>"; };
		58035786192E29CC00FA61A0 /* Event.h */ = {isa = PBXFileReference; fileEncoding = 4; lastKnownFileType = sourcecode.c.h; path = Event.h; sourceTree = "<group>"; };
		58035787192E29CC00FA61A0 /* Event.m */ = {isa = PBXFileReference; fileEncoding = 4; lastKnownFileType = sourcecode.c.objc; path = Event.m; sourceTree = "<group>"; };
		58035789192E2E1400FA61A0 /* CoreData.framework */ = {isa = PBXFileReference; lastKnownFileType = wrapper.framework; name = CoreData.framework; path = System/Library/Frameworks/CoreData.framework; sourceTree = SDKROOT; };
		5803578B192E350B00FA61A0 /* CoreLocation.framework */ = {isa = PBXFileReference; lastKnownFileType = wrapper.framework; name = CoreLocation.framework; path = System/Library/Frameworks/CoreLocation.framework; sourceTree = SDKROOT; };
		5803578E192EC94600FA61A0 /* DMLDataManager.h */ = {isa = PBXFileReference; fileEncoding = 4; lastKnownFileType = sourcecode.c.h; name = DMLDataManager.h; path = ../DMLDataManager.h; sourceTree = "<group>"; };
		5803578F192EC94600FA61A0 /* DMLDataManager.m */ = {isa = PBXFileReference; fileEncoding = 4; lastKnownFileType = sourcecode.c.objc; name = DMLDataManager.m; path = ../DMLDataManager.m; sourceTree = "<group>"; };
/* End PBXFileReference section */

/* Begin PBXFrameworksBuildPhase section */
		5803573B192DF67400FA61A0 /* Frameworks */ = {
			isa = PBXFrameworksBuildPhase;
			buildActionMask = 2147483647;
			files = (
				5803578C192E350B00FA61A0 /* CoreLocation.framework in Frameworks */,
				5803578A192E2E1400FA61A0 /* CoreData.framework in Frameworks */,
				58035744192DF67400FA61A0 /* CoreGraphics.framework in Frameworks */,
				58035746192DF67400FA61A0 /* UIKit.framework in Frameworks */,
				58035742192DF67400FA61A0 /* Foundation.framework in Frameworks */,
			);
			runOnlyForDeploymentPostprocessing = 0;
		};
		5803575C192DF67400FA61A0 /* Frameworks */ = {
			isa = PBXFrameworksBuildPhase;
			buildActionMask = 2147483647;
			files = (
				58035761192DF67400FA61A0 /* XCTest.framework in Frameworks */,
				58035763192DF67400FA61A0 /* UIKit.framework in Frameworks */,
				58035762192DF67400FA61A0 /* Foundation.framework in Frameworks */,
			);
			runOnlyForDeploymentPostprocessing = 0;
		};
/* End PBXFrameworksBuildPhase section */

/* Begin PBXGroup section */
		58035735192DF67300FA61A0 = {
			isa = PBXGroup;
			children = (
				58035747192DF67400FA61A0 /* Locations */,
				58035766192DF67400FA61A0 /* LocationsTests */,
				58035740192DF67400FA61A0 /* Frameworks */,
				5803573F192DF67400FA61A0 /* Products */,
			);
			sourceTree = "<group>";
		};
		5803573F192DF67400FA61A0 /* Products */ = {
			isa = PBXGroup;
			children = (
				5803573E192DF67400FA61A0 /* Locations.app */,
				5803575F192DF67400FA61A0 /* LocationsTests.xctest */,
			);
			name = Products;
			sourceTree = "<group>";
		};
		58035740192DF67400FA61A0 /* Frameworks */ = {
			isa = PBXGroup;
			children = (
				5803578B192E350B00FA61A0 /* CoreLocation.framework */,
				58035789192E2E1400FA61A0 /* CoreData.framework */,
				58035741192DF67400FA61A0 /* Foundation.framework */,
				58035743192DF67400FA61A0 /* CoreGraphics.framework */,
				58035745192DF67400FA61A0 /* UIKit.framework */,
				58035760192DF67400FA61A0 /* XCTest.framework */,
			);
			name = Frameworks;
			sourceTree = "<group>";
		};
		58035747192DF67400FA61A0 /* Locations */ = {
			isa = PBXGroup;
			children = (
				58035776192DFA8D00FA61A0 /* AppDelegate */,
				5803578D192EC66100FA61A0 /* Classes */,
				58035778192DFB1800FA61A0 /* Models */,
				58035777192DFAA200FA61A0 /* Controllers */,
				58035759192DF67400FA61A0 /* Images.xcassets */,
				58035748192DF67400FA61A0 /* Supporting Files */,
			);
			path = Locations;
			sourceTree = "<group>";
		};
		58035748192DF67400FA61A0 /* Supporting Files */ = {
			isa = PBXGroup;
			children = (
				58035749192DF67400FA61A0 /* Locations-Info.plist */,
				5803574A192DF67400FA61A0 /* InfoPlist.strings */,
				5803574D192DF67400FA61A0 /* main.m */,
				5803574F192DF67400FA61A0 /* Locations-Prefix.pch */,
			);
			name = "Supporting Files";
			sourceTree = "<group>";
		};
		58035766192DF67400FA61A0 /* LocationsTests */ = {
			isa = PBXGroup;
			children = (
				5803576C192DF67400FA61A0 /* LocationsTests.m */,
				58035767192DF67400FA61A0 /* Supporting Files */,
			);
			path = LocationsTests;
			sourceTree = "<group>";
		};
		58035767192DF67400FA61A0 /* Supporting Files */ = {
			isa = PBXGroup;
			children = (
				58035768192DF67400FA61A0 /* LocationsTests-Info.plist */,
				58035769192DF67400FA61A0 /* InfoPlist.strings */,
			);
			name = "Supporting Files";
			sourceTree = "<group>";
		};
		58035776192DFA8D00FA61A0 /* AppDelegate */ = {
			isa = PBXGroup;
			children = (
				58035750192DF67400FA61A0 /* DMLAppDelegate.h */,
				58035751192DF67400FA61A0 /* DMLAppDelegate.m */,
				58035753192DF67400FA61A0 /* Main.storyboard */,
			);
			name = AppDelegate;
			sourceTree = "<group>";
		};
		58035777192DFAA200FA61A0 /* Controllers */ = {
			isa = PBXGroup;
			children = (
				5803577F192E1A8900FA61A0 /* DMLRootViewController.h */,
				58035780192E1A8900FA61A0 /* DMLRootViewController.m */,
			);
			name = Controllers;
			sourceTree = "<group>";
		};
		58035778192DFB1800FA61A0 /* Models */ = {
			isa = PBXGroup;
			children = (
				58035779192DFB4300FA61A0 /* Locations.xcdatamodeld */,
				58035786192E29CC00FA61A0 /* Event.h */,
				58035787192E29CC00FA61A0 /* Event.m */,
				5803577C192E1A4500FA61A0 /* DMLLocationsStack.h */,
				5803577D192E1A4500FA61A0 /* DMLLocationsStack.m */,
				58035783192E233A00FA61A0 /* DMLArrayDataSource.h */,
				58035784192E233A00FA61A0 /* DMLArrayDataSource.m */,
			);
			name = Models;
			sourceTree = "<group>";
		};
		5803578D192EC66100FA61A0 /* Classes */ = {
			isa = PBXGroup;
			children = (
				5803578E192EC94600FA61A0 /* DMLDataManager.h */,
				5803578F192EC94600FA61A0 /* DMLDataManager.m */,
			);
			name = Classes;
			sourceTree = "<group>";
		};
/* End PBXGroup section */

/* Begin PBXNativeTarget section */
		5803573D192DF67400FA61A0 /* Locations */ = {
			isa = PBXNativeTarget;
			buildConfigurationList = 58035770192DF67400FA61A0 /* Build configuration list for PBXNativeTarget "Locations" */;
			buildPhases = (
				5803573A192DF67400FA61A0 /* Sources */,
				5803573B192DF67400FA61A0 /* Frameworks */,
				5803573C192DF67400FA61A0 /* Resources */,
			);
			buildRules = (
			);
			dependencies = (
			);
			name = Locations;
			productName = Locations;
			productReference = 5803573E192DF67400FA61A0 /* Locations.app */;
			productType = "com.apple.product-type.application";
		};
		5803575E192DF67400FA61A0 /* LocationsTests */ = {
			isa = PBXNativeTarget;
			buildConfigurationList = 58035773192DF67400FA61A0 /* Build configuration list for PBXNativeTarget "LocationsTests" */;
			buildPhases = (
				5803575B192DF67400FA61A0 /* Sources */,
				5803575C192DF67400FA61A0 /* Frameworks */,
				5803575D192DF67400FA61A0 /* Resources */,
			);
			buildRules = (
			);
			dependencies = (
				58035765192DF67400FA61A0 /* PBXTargetDependency */,
			);
			name = LocationsTests;
			productName = LocationsTests;
			productReference = 5803575F192DF67400FA61A0 /* LocationsTests.xctest */;
			productType = "com.apple.product-type.bundle.unit-test";
		};
/* End PBXNativeTarget section */

/* Begin PBXProject section */
		58035736192DF67400FA61A0 /* Project object */ = {
			isa = PBXProject;
			attributes = {
				CLASSPREFIX = DML;
				LastUpgradeCheck = 0510;
				ORGANIZATIONNAME = "dongmeilianghy@sina.com";
				TargetAttributes = {
					5803575E192DF67400FA61A0 = {
						TestTargetID = 5803573D192DF67400FA61A0;
					};
				};
			};
			buildConfigurationList = 58035739192DF67400FA61A0 /* Build configuration list for PBXProject "Locations" */;
			compatibilityVersion = "Xcode 3.2";
			developmentRegion = English;
			hasScannedForEncodings = 0;
			knownRegions = (
				en,
				Base,
			);
			mainGroup = 58035735192DF67300FA61A0;
			productRefGroup = 5803573F192DF67400FA61A0 /* Products */;
			projectDirPath = "";
			projectRoot = "";
			targets = (
				5803573D192DF67400FA61A0 /* Locations */,
				5803575E192DF67400FA61A0 /* LocationsTests */,
			);
		};
/* End PBXProject section */

/* Begin PBXResourcesBuildPhase section */
		5803573C192DF67400FA61A0 /* Resources */ = {
			isa = PBXResourcesBuildPhase;
			buildActionMask = 2147483647;
			files = (
				5803575A192DF67400FA61A0 /* Images.xcassets in Resources */,
				5803574C192DF67400FA61A0 /* InfoPlist.strings in Resources */,
				58035755192DF67400FA61A0 /* Main.storyboard in Resources */,
			);
			runOnlyForDeploymentPostprocessing = 0;
		};
		5803575D192DF67400FA61A0 /* Resources */ = {
			isa = PBXResourcesBuildPhase;
			buildActionMask = 2147483647;
			files = (
				5803576B192DF67400FA61A0 /* InfoPlist.strings in Resources */,
			);
			runOnlyForDeploymentPostprocessing = 0;
		};
/* End PBXResourcesBuildPhase section */

/* Begin PBXSourcesBuildPhase section */
		5803573A192DF67400FA61A0 /* Sources */ = {
			isa = PBXSourcesBuildPhase;
			buildActionMask = 2147483647;
			files = (
				58035752192DF67400FA61A0 /* DMLAppDelegate.m in Sources */,
				5803577E192E1A4500FA61A0 /* DMLLocationsStack.m in Sources */,
				58035785192E233A00FA61A0 /* DMLArrayDataSource.m in Sources */,
				5803574E192DF67400FA61A0 /* main.m in Sources */,
				5803577B192DFB4300FA61A0 /* Locations.xcdatamodeld in Sources */,
				58035790192EC94600FA61A0 /* DMLDataManager.m in Sources */,
				58035781192E1A8900FA61A0 /* DMLRootViewController.m in Sources */,
				58035788192E29CC00FA61A0 /* Event.m in Sources */,
			);
			runOnlyForDeploymentPostprocessing = 0;
		};
		5803575B192DF67400FA61A0 /* Sources */ = {
			isa = PBXSourcesBuildPhase;
			buildActionMask = 2147483647;
			files = (
				5803576D192DF67400FA61A0 /* LocationsTests.m in Sources */,
			);
			runOnlyForDeploymentPostprocessing = 0;
		};
/* End PBXSourcesBuildPhase section */

/* Begin PBXTargetDependency section */
		58035765192DF67400FA61A0 /* PBXTargetDependency */ = {
			isa = PBXTargetDependency;
			target = 5803573D192DF67400FA61A0 /* Locations */;
			targetProxy = 58035764192DF67400FA61A0 /* PBXContainerItemProxy */;
		};
/* End PBXTargetDependency section */

/* Begin PBXVariantGroup section */
		5803574A192DF67400FA61A0 /* InfoPlist.strings */ = {
			isa = PBXVariantGroup;
			children = (
				5803574B192DF67400FA61A0 /* en */,
			);
			name = InfoPlist.strings;
			sourceTree = "<group>";
		};
		58035753192DF67400FA61A0 /* Main.storyboard */ = {
			isa = PBXVariantGroup;
			children = (
				58035754192DF67400FA61A0 /* Base */,
			);
			name = Main.storyboard;
			sourceTree = "<group>";
		};
		58035769192DF67400FA61A0 /* InfoPlist.strings */ = {
			isa = PBXVariantGroup;
			children = (
				5803576A192DF67400FA61A0 /* en */,
			);
			name = InfoPlist.strings;
			sourceTree = "<group>";
		};
/* End PBXVariantGroup section */

/* Begin XCBuildConfiguration section */
		5803576E192DF67400FA61A0 /* Debug */ = {
			isa = XCBuildConfiguration;
			buildSettings = {
				ALWAYS_SEARCH_USER_PATHS = NO;
				CLANG_CXX_LANGUAGE_STANDARD = "gnu++0x";
				CLANG_CXX_LIBRARY = "libc++";
				CLANG_ENABLE_MODULES = YES;
				CLANG_ENABLE_OBJC_ARC = YES;
				CLANG_WARN_BOOL_CONVERSION = YES;
				CLANG_WARN_CONSTANT_CONVERSION = YES;
				CLANG_WARN_DIRECT_OBJC_ISA_USAGE = YES_ERROR;
				CLANG_WARN_EMPTY_BODY = YES;
				CLANG_WARN_ENUM_CONVERSION = YES;
				CLANG_WARN_INT_CONVERSION = YES;
				CLANG_WARN_OBJC_ROOT_CLASS = YES_ERROR;
				CLANG_WARN__DUPLICATE_METHOD_MATCH = YES;
				"CODE_SIGN_IDENTITY[sdk=iphoneos*]" = "iPhone Developer";
				COPY_PHASE_STRIP = NO;
				GCC_C_LANGUAGE_STANDARD = gnu99;
				GCC_DYNAMIC_NO_PIC = NO;
				GCC_OPTIMIZATION_LEVEL = 0;
				GCC_PREPROCESSOR_DEFINITIONS = (
					"DEBUG=1",
					"$(inherited)",
				);
				GCC_SYMBOLS_PRIVATE_EXTERN = NO;
				GCC_WARN_64_TO_32_BIT_CONVERSION = YES;
				GCC_WARN_ABOUT_RETURN_TYPE = YES_ERROR;
				GCC_WARN_UNDECLARED_SELECTOR = YES;
				GCC_WARN_UNINITIALIZED_AUTOS = YES_AGGRESSIVE;
				GCC_WARN_UNUSED_FUNCTION = YES;
				GCC_WARN_UNUSED_VARIABLE = YES;
				IPHONEOS_DEPLOYMENT_TARGET = 7.1;
				ONLY_ACTIVE_ARCH = YES;
				SDKROOT = iphoneos;
			};
			name = Debug;
		};
		5803576F192DF67400FA61A0 /* Release */ = {
			isa = XCBuildConfiguration;
			buildSettings = {
				ALWAYS_SEARCH_USER_PATHS = NO;
				CLANG_CXX_LANGUAGE_STANDARD = "gnu++0x";
				CLANG_CXX_LIBRARY = "libc++";
				CLANG_ENABLE_MODULES = YES;
				CLANG_ENABLE_OBJC_ARC = YES;
				CLANG_WARN_BOOL_CONVERSION = YES;
				CLANG_WARN_CONSTANT_CONVERSION = YES;
				CLANG_WARN_DIRECT_OBJC_ISA_USAGE = YES_ERROR;
				CLANG_WARN_EMPTY_BODY = YES;
				CLANG_WARN_ENUM_CONVERSION = YES;
				CLANG_WARN_INT_CONVERSION = YES;
				CLANG_WARN_OBJC_ROOT_CLASS = YES_ERROR;
				CLANG_WARN__DUPLICATE_METHOD_MATCH = YES;
				"CODE_SIGN_IDENTITY[sdk=iphoneos*]" = "iPhone Developer";
				COPY_PHASE_STRIP = YES;
				ENABLE_NS_ASSERTIONS = NO;
				GCC_C_LANGUAGE_STANDARD = gnu99;
				GCC_WARN_64_TO_32_BIT_CONVERSION = YES;
				GCC_WARN_ABOUT_RETURN_TYPE = YES_ERROR;
				GCC_WARN_UNDECLARED_SELECTOR = YES;
				GCC_WARN_UNINITIALIZED_AUTOS = YES_AGGRESSIVE;
				GCC_WARN_UNUSED_FUNCTION = YES;
				GCC_WARN_UNUSED_VARIABLE = YES;
				IPHONEOS_DEPLOYMENT_TARGET = 7.1;
				SDKROOT = iphoneos;
				VALIDATE_PRODUCT = YES;
			};
			name = Release;
		};
		58035771192DF67400FA61A0 /* Debug */ = {
			isa = XCBuildConfiguration;
			buildSettings = {
				ASSETCATALOG_COMPILER_APPICON_NAME = AppIcon;
				ASSETCATALOG_COMPILER_LAUNCHIMAGE_NAME = LaunchImage;
				GCC_PRECOMPILE_PREFIX_HEADER = YES;
				GCC_PREFIX_HEADER = "Locations/Locations-Prefix.pch";
				INFOPLIST_FILE = "Locations/Locations-Info.plist";
				PRODUCT_NAME = "$(TARGET_NAME)";
				WRAPPER_EXTENSION = app;
			};
			name = Debug;
		};
		58035772192DF67400FA61A0 /* Release */ = {
			isa = XCBuildConfiguration;
			buildSettings = {
				ASSETCATALOG_COMPILER_APPICON_NAME = AppIcon;
				ASSETCATALOG_COMPILER_LAUNCHIMAGE_NAME = LaunchImage;
				GCC_PRECOMPILE_PREFIX_HEADER = YES;
				GCC_PREFIX_HEADER = "Locations/Locations-Prefix.pch";
				INFOPLIST_FILE = "Locations/Locations-Info.plist";
				PRODUCT_NAME = "$(TARGET_NAME)";
				WRAPPER_EXTENSION = app;
			};
			name = Release;
		};
		58035774192DF67400FA61A0 /* Debug */ = {
			isa = XCBuildConfiguration;
			buildSettings = {
				BUNDLE_LOADER = "$(BUILT_PRODUCTS_DIR)/Locations.app/Locations";
				FRAMEWORK_SEARCH_PATHS = (
					"$(SDKROOT)/Developer/Library/Frameworks",
					"$(inherited)",
					"$(DEVELOPER_FRAMEWORKS_DIR)",
				);
				GCC_PRECOMPILE_PREFIX_HEADER = YES;
				GCC_PREFIX_HEADER = "Locations/Locations-Prefix.pch";
				GCC_PREPROCESSOR_DEFINITIONS = (
					"DEBUG=1",
					"$(inherited)",
				);
				INFOPLIST_FILE = "LocationsTests/LocationsTests-Info.plist";
				PRODUCT_NAME = "$(TARGET_NAME)";
				TEST_HOST = "$(BUNDLE_LOADER)";
				WRAPPER_EXTENSION = xctest;
			};
			name = Debug;
		};
		58035775192DF67400FA61A0 /* Release */ = {
			isa = XCBuildConfiguration;
			buildSettings = {
				BUNDLE_LOADER = "$(BUILT_PRODUCTS_DIR)/Locations.app/Locations";
				FRAMEWORK_SEARCH_PATHS = (
					"$(SDKROOT)/Developer/Library/Frameworks",
					"$(inherited)",
					"$(DEVELOPER_FRAMEWORKS_DIR)",
				);
				GCC_PRECOMPILE_PREFIX_HEADER = YES;
				GCC_PREFIX_HEADER = "Locations/Locations-Prefix.pch";
				INFOPLIST_FILE = "LocationsTests/LocationsTests-Info.plist";
				PRODUCT_NAME = "$(TARGET_NAME)";
				TEST_HOST = "$(BUNDLE_LOADER)";
				WRAPPER_EXTENSION = xctest;
			};
			name = Release;
		};
/* End XCBuildConfiguration section */

/* Begin XCConfigurationList section */
		58035739192DF67400FA61A0 /* Build configuration list for PBXProject "Locations" */ = {
			isa = XCConfigurationList;
			buildConfigurations = (
				5803576E192DF67400FA61A0 /* Debug */,
				5803576F192DF67400FA61A0 /* Release */,
			);
			defaultConfigurationIsVisible = 0;
			defaultConfigurationName = Release;
		};
		58035770192DF67400FA61A0 /* Build configuration list for PBXNativeTarget "Locations" */ = {
			isa = XCConfigurationList;
			buildConfigurations = (
				58035771192DF67400FA61A0 /* Debug */,
				58035772192DF67400FA61A0 /* Release */,
			);
			defaultConfigurationIsVisible = 0;
		};
		58035773192DF67400FA61A0 /* Build configuration list for PBXNativeTarget "LocationsTests" */ = {
			isa = XCConfigurationList;
			buildConfigurations = (
				58035774192DF67400FA61A0 /* Debug */,
				58035775192DF67400FA61A0 /* Release */,
			);
			defaultConfigurationIsVisible = 0;
		};
/* End XCConfigurationList section */

/* Begin XCVersionGroup section */
		58035779192DFB4300FA61A0 /* Locations.xcdatamodeld */ = {
			isa = XCVersionGroup;
			children = (
				5803577A192DFB4300FA61A0 /* Locations.xcdatamodel */,
			);
			currentVersion = 5803577A192DFB4300FA61A0 /* Locations.xcdatamodel */;
			path = Locations.xcdatamodeld;
			sourceTree = "<group>";
			versionGroupType = wrapper.xcdatamodel;
		};
/* End XCVersionGroup section */
	};
	rootObject = 58035736192DF67400FA61A0 /* Project object */;
}
